{
  "name": "capacitor-google-fit",
  "version": "0.2.3",
  "lockfileVersion": 2,
  "requires": true,
  "packages": {
    "": {
      "name": "capacitor-google-fit",
      "version": "0.2.3",
      "license": "MIT",
      "dependencies": {
        "@capacitor/core": "^5.0.0"
      },
      "devDependencies": {
        "@capacitor/android": "^5.0.0",
        "typescript": "~4.1.5"
      },
      "peerDependencies": {
        "@capacitor/core": "^5.0.0"
      }
    },
    "node_modules/@capacitor/android": {
      "version": "5.3.0",
      "resolved": "https://registry.npmjs.org/@capacitor/android/-/android-5.3.0.tgz",
      "integrity": "sha512-5rEwD8u0whGXP+dZ0qXRFP3DWHi4WhZdzcxxZ/D4mLh5eVaQCxPpoHBcrS4FpKtl7PAWNDD2n32D9YrEcfERMA==",
      "dev": true,
      "peerDependencies": {
        "@capacitor/core": "^5.3.0"
      }
    },
    "node_modules/@capacitor/core": {
      "version": "5.3.0",
      "resolved": "https://registry.npmjs.org/@capacitor/core/-/core-5.3.0.tgz",
      "integrity": "sha512-mvhh1yJtcUTZ0hUUriBKKpxq47hn75bjxH3tYPRgAFu1z3gowCg+OtG4Rce3W5gr5fSfCjQgOSL0Vp7k9hPUWw==",
      "dependencies": {
        "tslib": "^2.1.0"
      }
    },
    "node_modules/tslib": {
      "version": "2.2.0",
      "license": "0BSD"
    },
    "node_modules/typescript": {
      "version": "4.1.5",
      "dev": true,
      "license": "Apache-2.0",
      "bin": {
        "tsc": "bin/tsc",
        "tsserver": "bin/tsserver"
      },
      "engines": {
        "node": ">=4.2.0"
      }
    }
  },
  "dependencies": {
    "@capacitor/android": {
      "version": "5.3.0",
      "resolved": "https://registry.npmjs.org/@capacitor/android/-/android-5.3.0.tgz",
      "integrity": "sha512-5rEwD8u0whGXP+dZ0qXRFP3DWHi4WhZdzcxxZ/D4mLh5eVaQCxPpoHBcrS4FpKtl7PAWNDD2n32D9YrEcfERMA==",
      "dev": true,
      "requires": {}
    },
    "@capacitor/core": {
      "version": "5.3.0",
      "resolved": "https://registry.npmjs.org/@capacitor/core/-/core-5.3.0.tgz",
      "integrity": "sha512-mvhh1yJtcUTZ0hUUriBKKpxq47hn75bjxH3tYPRgAFu1z3gowCg+OtG4Rce3W5gr5fSfCjQgOSL0Vp7k9hPUWw==",
      "requires": {
        "tslib": "^2.1.0"
      }
    },
    "tslib": {
      "version": "2.2.0"
    },
    "typescript": {
      "version": "4.1.5",
      "dev": true
    }
  }
}
