{
  "name": "capacitor-google-fit",
  "version": "0.2.3",
  "lockfileVersion": 3,
  "requires": true,
  "packages": {
    "": {
      "name": "capacitor-google-fit",
      "version": "0.2.3",
      "license": "MIT",
      "dependencies": {
        "@capacitor/core": "^6.0.0"
      },
      "devDependencies": {
        "@capacitor/android": "^6.0.0",
        "typescript": "~4.1.5"
      },
      "peerDependencies": {
        "@capacitor/core": "^6.0.0"
      }
    },
    "node_modules/@capacitor/android": {
      "version": "6.1.1",
      "resolved": "https://registry.npmjs.org/@capacitor/android/-/android-6.1.1.tgz",
      "integrity": "sha512-rhO/nH6NJizGV5KizoIoGxCmkos3HnyUzI9TNv8IVy/C8h6lPM5Gt9cxGclb6k0OBTtgv6iJVo654+m4kzv0Qg==",
      "dev": true,
      "peerDependencies": {
        "@capacitor/core": "^6.1.0"
      }
    },
    "node_modules/@capacitor/core": {
      "version": "6.1.1",
      "resolved": "https://registry.npmjs.org/@capacitor/core/-/core-6.1.1.tgz",
      "integrity": "sha512-b1s4WDMy3Y1/owTG2/XNGCI6G5SDpF2NT1JMAgcShue13fiAuHA+Ans7Wfei6McvR0KdopAE6tMHmDAfL5PM8Q==",
      "dependencies": {
        "tslib": "^2.1.0"
      }
    },
    "node_modules/tslib": {
      "version": "2.2.0",
      "license": "0BSD"
    },
    "node_modules/typescript": {
      "version": "4.1.5",
      "dev": true,
      "license": "Apache-2.0",
      "bin": {
        "tsc": "bin/tsc",
        "tsserver": "bin/tsserver"
      },
      "engines": {
        "node": ">=4.2.0"
      }
    }
  }
}
